
Microsoft Visual Studio Solution File, Format Version 12.00
# Visual Studio Version 17
VisualStudioVersion = 17.8.34330.188
MinimumVisualStudioVersion = 10.0.40219.1
Project("{8BC9CEB8-8B4A-11D0-8D11-00A0C91BC942}") = "bresenhams-line-drawing-algorithm", "bresenhams-line-drawing-algorithm.vcxproj", "{1086707A-1D7E-488A-A78E-2B72023C035C}"
EndProject
Global
	GlobalSection(SolutionConfigurationPlatforms) = preSolution
		Debug|x64 = Debug|x64
		Debug|x86 = Debug|x86
		Release|x64 = Release|x64
		Release|x86 = Release|x86
	EndGlobalSection
	GlobalSection(ProjectConfigurationPlatforms) = postSolution
		{1086707A-1D7E-488A-A78E-2B72023C035C}.Debug|x64.ActiveCfg = Debug|x64
		{1086707A-1D7E-488A-A78E-2B72023C035C}.Debug|x64.Build.0 = Debug|x64
		{1086707A-1D7E-488A-A78E-2B72023C035C}.Debug|x86.ActiveCfg = Debug|Win32
		{1086707A-1D7E-488A-A78E-2B72023C035C}.Debug|x86.Build.0 = Debug|Win32
		{1086707A-1D7E-488A-A78E-2B72023C035C}.Release|x64.ActiveCfg = Release|x64
		{1086707A-1D7E-488A-A78E-2B72023C035C}.Release|x64.Build.0 = Release|x64
		{1086707A-1D7E-488A-A78E-2B72023C035C}.Release|x86.ActiveCfg = Release|Win32
		{1086707A-1D7E-488A-A78E-2B72023C035C}.Release|x86.Build.0 = Release|Win32
	EndGlobalSection
	GlobalSection(SolutionProperties) = preSolution
		HideSolutionNode = FALSE
	EndGlobalSection
	GlobalSection(ExtensibilityGlobals) = postSolution
		SolutionGuid = {B9FE663C-51DB-428B-B1CA-8F1478FF9C94}
	EndGlobalSection
EndGlobal
